
Microsoft Visual Studio Solution File, Format Version 12.00
# Visual Studio Version 16
VisualStudioVersion = 16.0.29926.136
MinimumVisualStudioVersion = 10.0.40219.1
Project("{FAE04EC0-301F-11D3-BF4B-00C04F79EFBC}") = "Rain", "Rain\Rain.csproj", "{577FE8EB-248E-466B-88AF-12BACBCBF3CE}"
EndProject
Global
	GlobalSection(SolutionConfigurationPlatforms) = preSolution
		Debug|Any CPU = Debug|Any CPU
		Release|Any CPU = Release|Any CPU
	EndGlobalSection
	GlobalSection(ProjectConfigurationPlatforms) = postSolution
		{577FE8EB-248E-466B-88AF-12BACBCBF3CE}.Debug|Any CPU.ActiveCfg = Debug|Any CPU
		{577FE8EB-248E-466B-88AF-12BACBCBF3CE}.Debug|Any CPU.Build.0 = Debug|Any CPU
		{577FE8EB-248E-466B-88AF-12BACBCBF3CE}.Release|Any CPU.ActiveCfg = Release|Any CPU
		{577FE8EB-248E-466B-88AF-12BACBCBF3CE}.Release|Any CPU.Build.0 = Release|Any CPU
	EndGlobalSection
	GlobalSection(SolutionProperties) = preSolution
		HideSolutionNode = FALSE
	EndGlobalSection
	GlobalSection(ExtensibilityGlobals) = postSolution
		SolutionGuid = {D6CDB5E0-44DC-499A-A750-A4AC73CA91B5}
	EndGlobalSection
EndGlobal
