
Microsoft Visual Studio Solution File, Format Version 12.00
Project("{FAE04EC0-301F-11D3-BF4B-00C04F79EFBC}") = "Rain", "Rain\Rain.csproj", "{7EC7FA1C-30E4-4600-A9DC-234BC940A75F}"
EndProject
Global
	GlobalSection(SolutionConfigurationPlatforms) = preSolution
		Debug|Any CPU = Debug|Any CPU
		Release|Any CPU = Release|Any CPU
	EndGlobalSection
	GlobalSection(ProjectConfigurationPlatforms) = postSolution
		{7EC7FA1C-30E4-4600-A9DC-234BC940A75F}.Debug|Any CPU.ActiveCfg = Debug|Any CPU
		{7EC7FA1C-30E4-4600-A9DC-234BC940A75F}.Debug|Any CPU.Build.0 = Debug|Any CPU
		{7EC7FA1C-30E4-4600-A9DC-234BC940A75F}.Release|Any CPU.ActiveCfg = Release|Any CPU
		{7EC7FA1C-30E4-4600-A9DC-234BC940A75F}.Release|Any CPU.Build.0 = Release|Any CPU
	EndGlobalSection
EndGlobal
